
Microsoft Visual Studio Solution File, Format Version 12.00
# Visual Studio Version 17
VisualStudioVersion = 17.4.33403.182
MinimumVisualStudioVersion = 10.0.40219.1
Project("{FAE04EC0-301F-11D3-BF4B-00C04F79EFBC}") = "RomanNumbersCalculator", "RomanNumbersCalculator\RomanNumbersCalculator.csproj", "{48BEE40E-E817-4828-8AA3-FCA3E331B702}"
EndProject
Project("{FAE04EC0-301F-11D3-BF4B-00C04F79EFBC}") = "UITestsRomanNumbersCalculator", "UITestsRomanNumbersCalculator\UITestsRomanNumbersCalculator.csproj", "{A738A3E6-27BC-47E9-A4E1-D5BD5FFB72A5}"
EndProject
Global
	GlobalSection(SolutionConfigurationPlatforms) = preSolution
		Debug|Any CPU = Debug|Any CPU
		Release|Any CPU = Release|Any CPU
	EndGlobalSection
	GlobalSection(ProjectConfigurationPlatforms) = postSolution
		{48BEE40E-E817-4828-8AA3-FCA3E331B702}.Debug|Any CPU.ActiveCfg = Debug|Any CPU
		{48BEE40E-E817-4828-8AA3-FCA3E331B702}.Debug|Any CPU.Build.0 = Debug|Any CPU
		{48BEE40E-E817-4828-8AA3-FCA3E331B702}.Release|Any CPU.ActiveCfg = Release|Any CPU
		{48BEE40E-E817-4828-8AA3-FCA3E331B702}.Release|Any CPU.Build.0 = Release|Any CPU
		{A738A3E6-27BC-47E9-A4E1-D5BD5FFB72A5}.Debug|Any CPU.ActiveCfg = Debug|Any CPU
		{A738A3E6-27BC-47E9-A4E1-D5BD5FFB72A5}.Debug|Any CPU.Build.0 = Debug|Any CPU
		{A738A3E6-27BC-47E9-A4E1-D5BD5FFB72A5}.Release|Any CPU.ActiveCfg = Release|Any CPU
		{A738A3E6-27BC-47E9-A4E1-D5BD5FFB72A5}.Release|Any CPU.Build.0 = Release|Any CPU
	EndGlobalSection
	GlobalSection(SolutionProperties) = preSolution
		HideSolutionNode = FALSE
	EndGlobalSection
	GlobalSection(ExtensibilityGlobals) = postSolution
		SolutionGuid = {62AAA2E2-AFB6-4C63-9D31-B6981DA704ED}
	EndGlobalSection
EndGlobal
